
Microsoft Visual Studio Solution File, Format Version 12.00
# Visual Studio Version 16
VisualStudioVersion = 16.0.30330.147
MinimumVisualStudioVersion = 15.0.26124.0
Project("{9A19103F-16F7-4668-BE54-9A1E7A4F7556}") = "Messagee.API", "Messagee.API\Messagee.API.csproj", "{02F0B3CB-2831-45A1-A348-91EDD53F22DA}"
EndProject
Project("{9A19103F-16F7-4668-BE54-9A1E7A4F7556}") = "Messagee.API.Tests", "Messagee.API.Tests\Messagee.API.Tests.csproj", "{69426CD8-63DD-4CC2-BE94-0D8B132B405D}"
EndProject
Project("{2150E333-8FDC-42A3-9474-1A3956D46DE8}") = "Sample", "Sample", "{CDAD75D1-5253-4095-B3F6-CFD73D3C5C11}"
EndProject
Project("{9A19103F-16F7-4668-BE54-9A1E7A4F7556}") = "Messagee.Sample.Consumer", "Sample\Messagee.Sample.Consumer\Messagee.Sample.Consumer.csproj", "{B598663D-A74C-4F60-B9DA-626B2496B429}"
EndProject
Project("{9A19103F-16F7-4668-BE54-9A1E7A4F7556}") = "Messagee.Sample.Producer", "Sample\Messagee.Sample.Producer\Messagee.Sample.Producer.csproj", "{7A34F578-2FBD-4079-8BC2-1B5B38A747D6}"
EndProject
Global
	GlobalSection(SolutionConfigurationPlatforms) = preSolution
		Debug|Any CPU = Debug|Any CPU
		Debug|x64 = Debug|x64
		Debug|x86 = Debug|x86
		Release|Any CPU = Release|Any CPU
		Release|x64 = Release|x64
		Release|x86 = Release|x86
	EndGlobalSection
	GlobalSection(ProjectConfigurationPlatforms) = postSolution
		{02F0B3CB-2831-45A1-A348-91EDD53F22DA}.Debug|Any CPU.ActiveCfg = Debug|Any CPU
		{02F0B3CB-2831-45A1-A348-91EDD53F22DA}.Debug|Any CPU.Build.0 = Debug|Any CPU
		{02F0B3CB-2831-45A1-A348-91EDD53F22DA}.Debug|x64.ActiveCfg = Debug|Any CPU
		{02F0B3CB-2831-45A1-A348-91EDD53F22DA}.Debug|x64.Build.0 = Debug|Any CPU
		{02F0B3CB-2831-45A1-A348-91EDD53F22DA}.Debug|x86.ActiveCfg = Debug|Any CPU
		{02F0B3CB-2831-45A1-A348-91EDD53F22DA}.Debug|x86.Build.0 = Debug|Any CPU
		{02F0B3CB-2831-45A1-A348-91EDD53F22DA}.Release|Any CPU.ActiveCfg = Release|Any CPU
		{02F0B3CB-2831-45A1-A348-91EDD53F22DA}.Release|Any CPU.Build.0 = Release|Any CPU
		{02F0B3CB-2831-45A1-A348-91EDD53F22DA}.Release|x64.ActiveCfg = Release|Any CPU
		{02F0B3CB-2831-45A1-A348-91EDD53F22DA}.Release|x64.Build.0 = Release|Any CPU
		{02F0B3CB-2831-45A1-A348-91EDD53F22DA}.Release|x86.ActiveCfg = Release|Any CPU
		{02F0B3CB-2831-45A1-A348-91EDD53F22DA}.Release|x86.Build.0 = Release|Any CPU
		{69426CD8-63DD-4CC2-BE94-0D8B132B405D}.Debug|Any CPU.ActiveCfg = Debug|Any CPU
		{69426CD8-63DD-4CC2-BE94-0D8B132B405D}.Debug|Any CPU.Build.0 = Debug|Any CPU
		{69426CD8-63DD-4CC2-BE94-0D8B132B405D}.Debug|x64.ActiveCfg = Debug|Any CPU
		{69426CD8-63DD-4CC2-BE94-0D8B132B405D}.Debug|x64.Build.0 = Debug|Any CPU
		{69426CD8-63DD-4CC2-BE94-0D8B132B405D}.Debug|x86.ActiveCfg = Debug|Any CPU
		{69426CD8-63DD-4CC2-BE94-0D8B132B405D}.Debug|x86.Build.0 = Debug|Any CPU
		{69426CD8-63DD-4CC2-BE94-0D8B132B405D}.Release|Any CPU.ActiveCfg = Release|Any CPU
		{69426CD8-63DD-4CC2-BE94-0D8B132B405D}.Release|Any CPU.Build.0 = Release|Any CPU
		{69426CD8-63DD-4CC2-BE94-0D8B132B405D}.Release|x64.ActiveCfg = Release|Any CPU
		{69426CD8-63DD-4CC2-BE94-0D8B132B405D}.Release|x64.Build.0 = Release|Any CPU
		{69426CD8-63DD-4CC2-BE94-0D8B132B405D}.Release|x86.ActiveCfg = Release|Any CPU
		{69426CD8-63DD-4CC2-BE94-0D8B132B405D}.Release|x86.Build.0 = Release|Any CPU
		{B598663D-A74C-4F60-B9DA-626B2496B429}.Debug|Any CPU.ActiveCfg = Debug|Any CPU
		{B598663D-A74C-4F60-B9DA-626B2496B429}.Debug|Any CPU.Build.0 = Debug|Any CPU
		{B598663D-A74C-4F60-B9DA-626B2496B429}.Debug|x64.ActiveCfg = Debug|Any CPU
		{B598663D-A74C-4F60-B9DA-626B2496B429}.Debug|x64.Build.0 = Debug|Any CPU
		{B598663D-A74C-4F60-B9DA-626B2496B429}.Debug|x86.ActiveCfg = Debug|Any CPU
		{B598663D-A74C-4F60-B9DA-626B2496B429}.Debug|x86.Build.0 = Debug|Any CPU
		{B598663D-A74C-4F60-B9DA-626B2496B429}.Release|Any CPU.ActiveCfg = Release|Any CPU
		{B598663D-A74C-4F60-B9DA-626B2496B429}.Release|Any CPU.Build.0 = Release|Any CPU
		{B598663D-A74C-4F60-B9DA-626B2496B429}.Release|x64.ActiveCfg = Release|Any CPU
		{B598663D-A74C-4F60-B9DA-626B2496B429}.Release|x64.Build.0 = Release|Any CPU
		{B598663D-A74C-4F60-B9DA-626B2496B429}.Release|x86.ActiveCfg = Release|Any CPU
		{B598663D-A74C-4F60-B9DA-626B2496B429}.Release|x86.Build.0 = Release|Any CPU
		{7A34F578-2FBD-4079-8BC2-1B5B38A747D6}.Debug|Any CPU.ActiveCfg = Debug|Any CPU
		{7A34F578-2FBD-4079-8BC2-1B5B38A747D6}.Debug|Any CPU.Build.0 = Debug|Any CPU
		{7A34F578-2FBD-4079-8BC2-1B5B38A747D6}.Debug|x64.ActiveCfg = Debug|Any CPU
		{7A34F578-2FBD-4079-8BC2-1B5B38A747D6}.Debug|x64.Build.0 = Debug|Any CPU
		{7A34F578-2FBD-4079-8BC2-1B5B38A747D6}.Debug|x86.ActiveCfg = Debug|Any CPU
		{7A34F578-2FBD-4079-8BC2-1B5B38A747D6}.Debug|x86.Build.0 = Debug|Any CPU
		{7A34F578-2FBD-4079-8BC2-1B5B38A747D6}.Release|Any CPU.ActiveCfg = Release|Any CPU
		{7A34F578-2FBD-4079-8BC2-1B5B38A747D6}.Release|Any CPU.Build.0 = Release|Any CPU
		{7A34F578-2FBD-4079-8BC2-1B5B38A747D6}.Release|x64.ActiveCfg = Release|Any CPU
		{7A34F578-2FBD-4079-8BC2-1B5B38A747D6}.Release|x64.Build.0 = Release|Any CPU
		{7A34F578-2FBD-4079-8BC2-1B5B38A747D6}.Release|x86.ActiveCfg = Release|Any CPU
		{7A34F578-2FBD-4079-8BC2-1B5B38A747D6}.Release|x86.Build.0 = Release|Any CPU
	EndGlobalSection
	GlobalSection(SolutionProperties) = preSolution
		HideSolutionNode = FALSE
	EndGlobalSection
	GlobalSection(NestedProjects) = preSolution
		{B598663D-A74C-4F60-B9DA-626B2496B429} = {CDAD75D1-5253-4095-B3F6-CFD73D3C5C11}
		{7A34F578-2FBD-4079-8BC2-1B5B38A747D6} = {CDAD75D1-5253-4095-B3F6-CFD73D3C5C11}
	EndGlobalSection
	GlobalSection(ExtensibilityGlobals) = postSolution
		SolutionGuid = {38E62D81-04EE-41C1-AA58-D75F6C73FB3B}
	EndGlobalSection
EndGlobal
